github.com/google/go-cmp v0.6.0 h1:ofyhxvXcZhMsU5ulbFiLKl/XBFqE1GSq7atu8tAmTRI=
github.com/google/go-cmp v0.6.0/go.mod h1:17dUlkBOakJ0+DkrSSNjCkIjxS6bF9zb3elmeNGIjoY=
github.com/wenooij/wire v0.3.0 h1:qNkqmoGtZJybDrJ1cEIk8kPewLk2YGaeW/4P1rLjM7Y=
github.com/wenooij/wire v0.3.0/go.mod h1:Hy/t8z6yXIxG7ZDGujh5yNgBs7k9n4uSmHHbhFWiknE=
